# This file is generated by running "yarn install" inside your project.
# Manual changes might be lost - proceed with caution!

__metadata:
  version: 8
  cacheKey: 10c0

"@babel/runtime@npm:^7.12.5":
  version: 7.25.6
  resolution: "@babel/runtime@npm:7.25.6"
  dependencies:
    regenerator-runtime: "npm:^0.14.0"
  checksum: 10c0/d6143adf5aa1ce79ed374e33fdfd74fa975055a80bc6e479672ab1eadc4e4bfd7484444e17dd063a1d180e051f3ec62b357c7a2b817e7657687b47313158c3d2
  languageName: node
  linkType: hard

"@microsoft/microsoft-graph-client@npm:^3.0.7":
  version: 3.0.7
  resolution: "@microsoft/microsoft-graph-client@npm:3.0.7"
  dependencies:
    "@babel/runtime": "npm:^7.12.5"
    tslib: "npm:^2.2.0"
  peerDependenciesMeta:
    "@azure/identity":
      optional: true
    "@azure/msal-browser":
      optional: true
    buffer:
      optional: true
    stream-browserify:
      optional: true
  checksum: 10c0/0e5b3dd469be0606ba34a82464d18a8c919f396adf65756612e9ec0bb47c99c4c3eaf5d65eec953e2c6f5b79e48e003efe914adbfc8b741d098e8e8f7084ea8b
  languageName: node
  linkType: hard

"@tsconfig/node24@npm:^24.0.4":
  version: 24.0.4
  resolution: "@tsconfig/node24@npm:24.0.4"
  checksum: 10c0/9c5d4173204c6935c45d3ff0584fd423bd7d8bc3f6b246e646320ae584e4226b34ea1c66ec67cd16769c73e7e80f4cc562287b0acaa4ec81aa482463972ff83f
  languageName: node
  linkType: hard

"@types/minimist@npm:^1.2.5":
  version: 1.2.5
  resolution: "@types/minimist@npm:1.2.5"
  checksum: 10c0/3f791258d8e99a1d7d0ca2bda1ca6ea5a94e5e7b8fc6cde84dd79b0552da6fb68ade750f0e17718f6587783c24254bbca0357648dd59dc3812c150305cabdc46
  languageName: node
  linkType: hard

"@types/node@npm:^24":
  version: 24.10.9
  resolution: "@types/node@npm:24.10.9"
  dependencies:
    undici-types: "npm:~7.16.0"
  checksum: 10c0/e9e436fcd2136bddb1bbe3271a89f4653910bcf6ee8047c4117f544c7905a106c039e2720ee48f28505ef2560e22fb9ead719f28bf5e075fdde0c1120e38e3b2
  languageName: node
  linkType: hard

"minimist@npm:^1.2.8":
  version: 1.2.8
  resolution: "minimist@npm:1.2.8"
  checksum: 10c0/19d3fcdca050087b84c2029841a093691a91259a47def2f18222f41e7645a0b7c44ef4b40e88a1e58a40c84d2ef0ee6047c55594d298146d0eb3f6b737c20ce6
  languageName: node
  linkType: hard

"onedrive-embed@workspace:.":
  version: 0.0.0-use.local
  resolution: "onedrive-embed@workspace:."
  dependencies:
    "@microsoft/microsoft-graph-client": "npm:^3.0.7"
    "@tsconfig/node24": "npm:^24.0.4"
    "@types/minimist": "npm:^1.2.5"
    "@types/node": "npm:^24"
    minimist: "npm:^1.2.8"
    prettier: "npm:^3.8.1"
    typescript: "npm:^5.9.3"
  languageName: unknown
  linkType: soft

"prettier@npm:^3.8.1":
  version: 3.8.1
  resolution: "prettier@npm:3.8.1"
  bin:
    prettier: bin/prettier.cjs
  checksum: 10c0/33169b594009e48f570471271be7eac7cdcf88a209eed39ac3b8d6d78984039bfa9132f82b7e6ba3b06711f3bfe0222a62a1bfb87c43f50c25a83df1b78a2c42
  languageName: node
  linkType: hard

"regenerator-runtime@npm:^0.14.0":
  version: 0.14.1
  resolution: "regenerator-runtime@npm:0.14.1"
  checksum: 10c0/1b16eb2c4bceb1665c89de70dcb64126a22bc8eb958feef3cd68fe11ac6d2a4899b5cd1b80b0774c7c03591dc57d16631a7f69d2daa2ec98100e2f29f7ec4cc4
  languageName: node
  linkType: hard

"tslib@npm:^2.2.0":
  version: 2.7.0
  resolution: "tslib@npm:2.7.0"
  checksum: 10c0/469e1d5bf1af585742128827000711efa61010b699cb040ab1800bcd3ccdd37f63ec30642c9e07c4439c1db6e46345582614275daca3e0f4abae29b0083f04a6
  languageName: node
  linkType: hard

"typescript@npm:^5.9.3":
  version: 5.9.3
  resolution: "typescript@npm:5.9.3"
  bin:
    tsc: bin/tsc
    tsserver: bin/tsserver
  checksum: 10c0/6bd7552ce39f97e711db5aa048f6f9995b53f1c52f7d8667c1abdc1700c68a76a308f579cd309ce6b53646deb4e9a1be7c813a93baaf0a28ccd536a30270e1c5
  languageName: node
  linkType: hard

"typescript@patch:typescript@npm%3A^5.9.3#optional!builtin<compat/typescript>":
  version: 5.9.3
  resolution: "typescript@patch:typescript@npm%3A5.9.3#optional!builtin<compat/typescript>::version=5.9.3&hash=5786d5"
  bin:
    tsc: bin/tsc
    tsserver: bin/tsserver
  checksum: 10c0/ad09fdf7a756814dce65bc60c1657b40d44451346858eea230e10f2e95a289d9183b6e32e5c11e95acc0ccc214b4f36289dcad4bf1886b0adb84d711d336a430
  languageName: node
  linkType: hard

"undici-types@npm:~7.16.0":
  version: 7.16.0
  resolution: "undici-types@npm:7.16.0"
  checksum: 10c0/3033e2f2b5c9f1504bdc5934646cb54e37ecaca0f9249c983f7b1fc2e87c6d18399ebb05dc7fd5419e02b2e915f734d872a65da2e3eeed1813951c427d33cc9a
  languageName: node
  linkType: hard
